
Microsoft Visual Studio Solution File, Format Version 12.00
# Visual Studio Version 17
VisualStudioVersion = 17.3.32819.101
MinimumVisualStudioVersion = 10.0.40219.1
Project("{FAE04EC0-301F-11D3-BF4B-00C04F79EFBC}") = "Binary Search", "Binary Search\Binary Search.csproj", "{27B7CB7E-F4AD-43C0-8844-C80ED7F6D255}"
EndProject
Global
	GlobalSection(SolutionConfigurationPlatforms) = preSolution
		Debug|Any CPU = Debug|Any CPU
		Release|Any CPU = Release|Any CPU
	EndGlobalSection
	GlobalSection(ProjectConfigurationPlatforms) = postSolution
		{27B7CB7E-F4AD-43C0-8844-C80ED7F6D255}.Debug|Any CPU.ActiveCfg = Debug|Any CPU
		{27B7CB7E-F4AD-43C0-8844-C80ED7F6D255}.Debug|Any CPU.Build.0 = Debug|Any CPU
		{27B7CB7E-F4AD-43C0-8844-C80ED7F6D255}.Release|Any CPU.ActiveCfg = Release|Any CPU
		{27B7CB7E-F4AD-43C0-8844-C80ED7F6D255}.Release|Any CPU.Build.0 = Release|Any CPU
	EndGlobalSection
	GlobalSection(SolutionProperties) = preSolution
		HideSolutionNode = FALSE
	EndGlobalSection
	GlobalSection(ExtensibilityGlobals) = postSolution
		SolutionGuid = {939462D7-CABD-4171-BEEF-A380B5457377}
	EndGlobalSection
EndGlobal
